// !$*UTF8*$!
{
	archiveVersion = 1;
	classes = {
	};
	objectVersion = 77;
	objects = {

/* Begin PBXBuildFile section */
		B0329AB12F01471F00DA5BDB /* PostureLogic in Frameworks */ = {isa = PBXBuildFile; productRef = B0329AB02F01471F00DA5BDB /* PostureLogic */; };
		B0329AB42F01477700DA5BDB /* PostureLogic in Frameworks */ = {isa = PBXBuildFile; productRef = B0329AB32F01477700DA5BDB /* PostureLogic */; };
		B425EA352F3FB05E007AA86A /* QuantWatch Watch App.app in Embed Watch Content */ = {isa = PBXBuildFile; fileRef = B425EA122F3FB05D007AA86A /* QuantWatch Watch App.app */; settings = {ATTRIBUTES = (RemoveHeadersOnCopy, ); }; };
		C1A2B3012F4A000000000001 /* WatchConnectivity.framework in Frameworks */ = {isa = PBXBuildFile; fileRef = C1A2B3002F4A000000000001 /* WatchConnectivity.framework */; };
/* End PBXBuildFile section */

/* Begin PBXContainerItemProxy section */
		B0329A8E2EFF739A00DA5BDB /* PBXContainerItemProxy */ = {
			isa = PBXContainerItemProxy;
			containerPortal = B0329A782EFF739800DA5BDB /* Project object */;
			proxyType = 1;
			remoteGlobalIDString = B0329A7F2EFF739800DA5BDB;
			remoteInfo = Quant;
		};
		B0329A982EFF739A00DA5BDB /* PBXContainerItemProxy */ = {
			isa = PBXContainerItemProxy;
			containerPortal = B0329A782EFF739800DA5BDB /* Project object */;
			proxyType = 1;
			remoteGlobalIDString = B0329A7F2EFF739800DA5BDB;
			remoteInfo = Quant;
		};
		B425EA222F3FB05E007AA86A /* PBXContainerItemProxy */ = {
			isa = PBXContainerItemProxy;
			containerPortal = B0329A782EFF739800DA5BDB /* Project object */;
			proxyType = 1;
			remoteGlobalIDString = B425EA112F3FB05D007AA86A;
			remoteInfo = "QuantWatch Watch App";
		};
		B425EA2C2F3FB05E007AA86A /* PBXContainerItemProxy */ = {
			isa = PBXContainerItemProxy;
			containerPortal = B0329A782EFF739800DA5BDB /* Project object */;
			proxyType = 1;
			remoteGlobalIDString = B425EA112F3FB05D007AA86A;
			remoteInfo = "QuantWatch Watch App";
		};
		B425EA332F3FB05E007AA86A /* PBXContainerItemProxy */ = {
			isa = PBXContainerItemProxy;
			containerPortal = B0329A782EFF739800DA5BDB /* Project object */;
			proxyType = 1;
			remoteGlobalIDString = B425EA112F3FB05D007AA86A;
			remoteInfo = "QuantWatch Watch App";
		};
/* End PBXContainerItemProxy section */

/* Begin PBXCopyFilesBuildPhase section */
		B425EA392F3FB05E007AA86A /* Embed Watch Content */ = {
			isa = PBXCopyFilesBuildPhase;
			buildActionMask = 2147483647;
			dstPath = "$(CONTENTS_FOLDER_PATH)/Watch";
			dstSubfolderSpec = 16;
			files = (
				B425EA352F3FB05E007AA86A /* QuantWatch Watch App.app in Embed Watch Content */,
			);
			name = "Embed Watch Content";
			runOnlyForDeploymentPostprocessing = 0;
		};
/* End PBXCopyFilesBuildPhase section */

/* Begin PBXFileReference section */
		B0329A802EFF739800DA5BDB /* Quant.app */ = {isa = PBXFileReference; explicitFileType = wrapper.application; includeInIndex = 0; path = Quant.app; sourceTree = BUILT_PRODUCTS_DIR; };
		B0329A8D2EFF739A00DA5BDB /* QuantTests.xctest */ = {isa = PBXFileReference; explicitFileType = wrapper.cfbundle; includeInIndex = 0; path = QuantTests.xctest; sourceTree = BUILT_PRODUCTS_DIR; };
		B0329A972EFF739A00DA5BDB /* QuantUITests.xctest */ = {isa = PBXFileReference; explicitFileType = wrapper.cfbundle; includeInIndex = 0; path = QuantUITests.xctest; sourceTree = BUILT_PRODUCTS_DIR; };
		B425EA122F3FB05D007AA86A /* QuantWatch Watch App.app */ = {isa = PBXFileReference; explicitFileType = wrapper.application; includeInIndex = 0; path = "QuantWatch Watch App.app"; sourceTree = BUILT_PRODUCTS_DIR; };
		B425EA212F3FB05E007AA86A /* QuantWatch Watch AppTests.xctest */ = {isa = PBXFileReference; explicitFileType = wrapper.cfbundle; includeInIndex = 0; path = "QuantWatch Watch AppTests.xctest"; sourceTree = BUILT_PRODUCTS_DIR; };
		B425EA2B2F3FB05E007AA86A /* QuantWatch Watch AppUITests.xctest */ = {isa = PBXFileReference; explicitFileType = wrapper.cfbundle; includeInIndex = 0; path = "QuantWatch Watch AppUITests.xctest"; sourceTree = BUILT_PRODUCTS_DIR; };
		C1A2B3002F4A000000000001 /* WatchConnectivity.framework */ = {isa = PBXFileReference; lastKnownFileType = wrapper.framework; name = WatchConnectivity.framework; path = System/Library/Frameworks/WatchConnectivity.framework; sourceTree = SDKROOT; };
/* End PBXFileReference section */

/* Begin PBXFileSystemSynchronizedRootGroup section */
		B0329A822EFF739800DA5BDB /* Quant */ = {
			isa = PBXFileSystemSynchronizedRootGroup;
			path = Quant;
			sourceTree = "<group>";
		};
		B0329A902EFF739A00DA5BDB /* QuantTests */ = {
			isa = PBXFileSystemSynchronizedRootGroup;
			path = QuantTests;
			sourceTree = "<group>";
		};
		B0329A9A2EFF739A00DA5BDB /* QuantUITests */ = {
			isa = PBXFileSystemSynchronizedRootGroup;
			path = QuantUITests;
			sourceTree = "<group>";
		};
		B425EA132F3FB05D007AA86A /* QuantWatch Watch App */ = {
			isa = PBXFileSystemSynchronizedRootGroup;
			path = "QuantWatch Watch App";
			sourceTree = "<group>";
		};
		B425EA242F3FB05E007AA86A /* QuantWatch Watch AppTests */ = {
			isa = PBXFileSystemSynchronizedRootGroup;
			path = "QuantWatch Watch AppTests";
			sourceTree = "<group>";
		};
		B425EA2E2F3FB05E007AA86A /* QuantWatch Watch AppUITests */ = {
			isa = PBXFileSystemSynchronizedRootGroup;
			path = "QuantWatch Watch AppUITests";
			sourceTree = "<group>";
		};
/* End PBXFileSystemSynchronizedRootGroup section */

/* Begin PBXFrameworksBuildPhase section */
		B0329A7D2EFF739800DA5BDB /* Frameworks */ = {
			isa = PBXFrameworksBuildPhase;
			buildActionMask = 2147483647;
			files = (
				B0329AB12F01471F00DA5BDB /* PostureLogic in Frameworks */,
				C1A2B3012F4A000000000001 /* WatchConnectivity.framework in Frameworks */,
			);
			runOnlyForDeploymentPostprocessing = 0;
		};
		B0329A8A2EFF739A00DA5BDB /* Frameworks */ = {
			isa = PBXFrameworksBuildPhase;
			buildActionMask = 2147483647;
			files = (
				B0329AB42F01477700DA5BDB /* PostureLogic in Frameworks */,
			);
			runOnlyForDeploymentPostprocessing = 0;
		};
		B0329A942EFF739A00DA5BDB /* Frameworks */ = {
			isa = PBXFrameworksBuildPhase;
			buildActionMask = 2147483647;
			files = (
			);
			runOnlyForDeploymentPostprocessing = 0;
		};
		B425EA0F2F3FB05D007AA86A /* Frameworks */ = {
			isa = PBXFrameworksBuildPhase;
			buildActionMask = 2147483647;
			files = (
			);
			runOnlyForDeploymentPostprocessing = 0;
		};
		B425EA1E2F3FB05E007AA86A /* Frameworks */ = {
			isa = PBXFrameworksBuildPhase;
			buildActionMask = 2147483647;
			files = (
			);
			runOnlyForDeploymentPostprocessing = 0;
		};
		B425EA282F3FB05E007AA86A /* Frameworks */ = {
			isa = PBXFrameworksBuildPhase;
			buildActionMask = 2147483647;
			files = (
			);
			runOnlyForDeploymentPostprocessing = 0;
		};
/* End PBXFrameworksBuildPhase section */

/* Begin PBXGroup section */
		B0329A772EFF739800DA5BDB = {
			isa = PBXGroup;
			children = (
				B0329A822EFF739800DA5BDB /* Quant */,
				B0329A902EFF739A00DA5BDB /* QuantTests */,
				B0329A9A2EFF739A00DA5BDB /* QuantUITests */,
				B425EA132F3FB05D007AA86A /* QuantWatch Watch App */,
				B425EA242F3FB05E007AA86A /* QuantWatch Watch AppTests */,
				B425EA2E2F3FB05E007AA86A /* QuantWatch Watch AppUITests */,
				B0329AB22F01477700DA5BDB /* Frameworks */,
				B0329A812EFF739800DA5BDB /* Products */,
			);
			sourceTree = "<group>";
		};
		B0329A812EFF739800DA5BDB /* Products */ = {
			isa = PBXGroup;
			children = (
				B0329A802EFF739800DA5BDB /* Quant.app */,
				B0329A8D2EFF739A00DA5BDB /* QuantTests.xctest */,
				B0329A972EFF739A00DA5BDB /* QuantUITests.xctest */,
				B425EA122F3FB05D007AA86A /* QuantWatch Watch App.app */,
				B425EA212F3FB05E007AA86A /* QuantWatch Watch AppTests.xctest */,
				B425EA2B2F3FB05E007AA86A /* QuantWatch Watch AppUITests.xctest */,
			);
			name = Products;
			sourceTree = "<group>";
		};
		B0329AB22F01477700DA5BDB /* Frameworks */ = {
			isa = PBXGroup;
			children = (
				C1A2B3002F4A000000000001 /* WatchConnectivity.framework */,
			);
			name = Frameworks;
			sourceTree = "<group>";
		};
/* End PBXGroup section */

/* Begin PBXNativeTarget section */
		B0329A7F2EFF739800DA5BDB /* Quant */ = {
			isa = PBXNativeTarget;
			buildConfigurationList = B0329AA12EFF739A00DA5BDB /* Build configuration list for PBXNativeTarget "Quant" */;
			buildPhases = (
				B0329A7C2EFF739800DA5BDB /* Sources */,
				B0329A7D2EFF739800DA5BDB /* Frameworks */,
				B0329A7E2EFF739800DA5BDB /* Resources */,
				B425EA392F3FB05E007AA86A /* Embed Watch Content */,
			);
			buildRules = (
			);
			dependencies = (
				B425EA342F3FB05E007AA86A /* PBXTargetDependency */,
			);
			fileSystemSynchronizedGroups = (
				B0329A822EFF739800DA5BDB /* Quant */,
			);
			name = Quant;
			packageProductDependencies = (
				B0329AB02F01471F00DA5BDB /* PostureLogic */,
			);
			productName = Quant;
			productReference = B0329A802EFF739800DA5BDB /* Quant.app */;
			productType = "com.apple.product-type.application";
		};
		B0329A8C2EFF739A00DA5BDB /* QuantTests */ = {
			isa = PBXNativeTarget;
			buildConfigurationList = B0329AA42EFF739A00DA5BDB /* Build configuration list for PBXNativeTarget "QuantTests" */;
			buildPhases = (
				B0329A892EFF739A00DA5BDB /* Sources */,
				B0329A8A2EFF739A00DA5BDB /* Frameworks */,
				B0329A8B2EFF739A00DA5BDB /* Resources */,
			);
			buildRules = (
			);
			dependencies = (
				B0329A8F2EFF739A00DA5BDB /* PBXTargetDependency */,
			);
			fileSystemSynchronizedGroups = (
				B0329A902EFF739A00DA5BDB /* QuantTests */,
			);
			name = QuantTests;
			packageProductDependencies = (
				B0329AB32F01477700DA5BDB /* PostureLogic */,
			);
			productName = QuantTests;
			productReference = B0329A8D2EFF739A00DA5BDB /* QuantTests.xctest */;
			productType = "com.apple.product-type.bundle.unit-test";
		};
		B0329A962EFF739A00DA5BDB /* QuantUITests */ = {
			isa = PBXNativeTarget;
			buildConfigurationList = B0329AA72EFF739A00DA5BDB /* Build configuration list for PBXNativeTarget "QuantUITests" */;
			buildPhases = (
				B0329A932EFF739A00DA5BDB /* Sources */,
				B0329A942EFF739A00DA5BDB /* Frameworks */,
				B0329A952EFF739A00DA5BDB /* Resources */,
			);
			buildRules = (
			);
			dependencies = (
				B0329A992EFF739A00DA5BDB /* PBXTargetDependency */,
			);
			fileSystemSynchronizedGroups = (
				B0329A9A2EFF739A00DA5BDB /* QuantUITests */,
			);
			name = QuantUITests;
			packageProductDependencies = (
			);
			productName = QuantUITests;
			productReference = B0329A972EFF739A00DA5BDB /* QuantUITests.xctest */;
			productType = "com.apple.product-type.bundle.ui-testing";
		};
		B425EA112F3FB05D007AA86A /* QuantWatch Watch App */ = {
			isa = PBXNativeTarget;
			buildConfigurationList = B425EA362F3FB05E007AA86A /* Build configuration list for PBXNativeTarget "QuantWatch Watch App" */;
			buildPhases = (
				B425EA0E2F3FB05D007AA86A /* Sources */,
				B425EA0F2F3FB05D007AA86A /* Frameworks */,
				B425EA102F3FB05D007AA86A /* Resources */,
			);
			buildRules = (
			);
			dependencies = (
			);
			fileSystemSynchronizedGroups = (
				B425EA132F3FB05D007AA86A /* QuantWatch Watch App */,
			);
			name = "QuantWatch Watch App";
			packageProductDependencies = (
			);
			productName = "QuantWatch Watch App";
			productReference = B425EA122F3FB05D007AA86A /* QuantWatch Watch App.app */;
			productType = "com.apple.product-type.application";
		};
		B425EA202F3FB05E007AA86A /* QuantWatch Watch AppTests */ = {
			isa = PBXNativeTarget;
			buildConfigurationList = B425EA3A2F3FB05E007AA86A /* Build configuration list for PBXNativeTarget "QuantWatch Watch AppTests" */;
			buildPhases = (
				B425EA1D2F3FB05E007AA86A /* Sources */,
				B425EA1E2F3FB05E007AA86A /* Frameworks */,
				B425EA1F2F3FB05E007AA86A /* Resources */,
			);
			buildRules = (
			);
			dependencies = (
				B425EA232F3FB05E007AA86A /* PBXTargetDependency */,
			);
			fileSystemSynchronizedGroups = (
				B425EA242F3FB05E007AA86A /* QuantWatch Watch AppTests */,
			);
			name = "QuantWatch Watch AppTests";
			packageProductDependencies = (
			);
			productName = "QuantWatch Watch AppTests";
			productReference = B425EA212F3FB05E007AA86A /* QuantWatch Watch AppTests.xctest */;
			productType = "com.apple.product-type.bundle.unit-test";
		};
		B425EA2A2F3FB05E007AA86A /* QuantWatch Watch AppUITests */ = {
			isa = PBXNativeTarget;
			buildConfigurationList = B425EA3D2F3FB05E007AA86A /* Build configuration list for PBXNativeTarget "QuantWatch Watch AppUITests" */;
			buildPhases = (
				B425EA272F3FB05E007AA86A /* Sources */,
				B425EA282F3FB05E007AA86A /* Frameworks */,
				B425EA292F3FB05E007AA86A /* Resources */,
			);
			buildRules = (
			);
			dependencies = (
				B425EA2D2F3FB05E007AA86A /* PBXTargetDependency */,
			);
			fileSystemSynchronizedGroups = (
				B425EA2E2F3FB05E007AA86A /* QuantWatch Watch AppUITests */,
			);
			name = "QuantWatch Watch AppUITests";
			packageProductDependencies = (
			);
			productName = "QuantWatch Watch AppUITests";
			productReference = B425EA2B2F3FB05E007AA86A /* QuantWatch Watch AppUITests.xctest */;
			productType = "com.apple.product-type.bundle.ui-testing";
		};
/* End PBXNativeTarget section */

/* Begin PBXProject section */
		B0329A782EFF739800DA5BDB /* Project object */ = {
			isa = PBXProject;
			attributes = {
				BuildIndependentTargetsInParallel = 1;
				LastSwiftUpdateCheck = 1620;
				LastUpgradeCheck = 2620;
				TargetAttributes = {
					B0329A7F2EFF739800DA5BDB = {
						CreatedOnToolsVersion = 26.2;
					};
					B0329A8C2EFF739A00DA5BDB = {
						CreatedOnToolsVersion = 26.2;
						TestTargetID = B0329A7F2EFF739800DA5BDB;
					};
					B0329A962EFF739A00DA5BDB = {
						CreatedOnToolsVersion = 26.2;
						TestTargetID = B0329A7F2EFF739800DA5BDB;
					};
					B425EA112F3FB05D007AA86A = {
						CreatedOnToolsVersion = 16.2;
					};
					B425EA202F3FB05E007AA86A = {
						CreatedOnToolsVersion = 16.2;
						TestTargetID = B425EA112F3FB05D007AA86A;
					};
					B425EA2A2F3FB05E007AA86A = {
						CreatedOnToolsVersion = 16.2;
						TestTargetID = B425EA112F3FB05D007AA86A;
					};
				};
			};
			buildConfigurationList = B0329A7B2EFF739800DA5BDB /* Build configuration list for PBXProject "Quant" */;
			developmentRegion = en;
			hasScannedForEncodings = 0;
			knownRegions = (
				en,
				Base,
			);
			mainGroup = B0329A772EFF739800DA5BDB;
			minimizedProjectReferenceProxies = 1;
			packageReferences = (
				B0329AAF2F01471F00DA5BDB /* XCLocalSwiftPackageReference "PostureLogic" */,
			);
			preferredProjectObjectVersion = 77;
			productRefGroup = B0329A812EFF739800DA5BDB /* Products */;
			projectDirPath = "";
			projectRoot = "";
			targets = (
				B0329A7F2EFF739800DA5BDB /* Quant */,
				B0329A8C2EFF739A00DA5BDB /* QuantTests */,
				B0329A962EFF739A00DA5BDB /* QuantUITests */,
				B425EA112F3FB05D007AA86A /* QuantWatch Watch App */,
				B425EA202F3FB05E007AA86A /* QuantWatch Watch AppTests */,
				B425EA2A2F3FB05E007AA86A /* QuantWatch Watch AppUITests */,
			);
		};
/* End PBXProject section */

/* Begin PBXResourcesBuildPhase section */
		B0329A7E2EFF739800DA5BDB /* Resources */ = {
			isa = PBXResourcesBuildPhase;
			buildActionMask = 2147483647;
			files = (
			);
			runOnlyForDeploymentPostprocessing = 0;
		};
		B0329A8B2EFF739A00DA5BDB /* Resources */ = {
			isa = PBXResourcesBuildPhase;
			buildActionMask = 2147483647;
			files = (
			);
			runOnlyForDeploymentPostprocessing = 0;
		};
		B0329A952EFF739A00DA5BDB /* Resources */ = {
			isa = PBXResourcesBuildPhase;
			buildActionMask = 2147483647;
			files = (
			);
			runOnlyForDeploymentPostprocessing = 0;
		};
		B425EA102F3FB05D007AA86A /* Resources */ = {
			isa = PBXResourcesBuildPhase;
			buildActionMask = 2147483647;
			files = (
			);
			runOnlyForDeploymentPostprocessing = 0;
		};
		B425EA1F2F3FB05E007AA86A /* Resources */ = {
			isa = PBXResourcesBuildPhase;
			buildActionMask = 2147483647;
			files = (
			);
			runOnlyForDeploymentPostprocessing = 0;
		};
		B425EA292F3FB05E007AA86A /* Resources */ = {
			isa = PBXResourcesBuildPhase;
			buildActionMask = 2147483647;
			files = (
			);
			runOnlyForDeploymentPostprocessing = 0;
		};
/* End PBXResourcesBuildPhase section */

/* Begin PBXSourcesBuildPhase section */
		B0329A7C2EFF739800DA5BDB /* Sources */ = {
			isa = PBXSourcesBuildPhase;
			buildActionMask = 2147483647;
			files = (
			);
			runOnlyForDeploymentPostprocessing = 0;
		};
		B0329A892EFF739A00DA5BDB /* Sources */ = {
			isa = PBXSourcesBuildPhase;
			buildActionMask = 2147483647;
			files = (
			);
			runOnlyForDeploymentPostprocessing = 0;
		};
		B0329A932EFF739A00DA5BDB /* Sources */ = {
			isa = PBXSourcesBuildPhase;
			buildActionMask = 2147483647;
			files = (
			);
			runOnlyForDeploymentPostprocessing = 0;
		};
		B425EA0E2F3FB05D007AA86A /* Sources */ = {
			isa = PBXSourcesBuildPhase;
			buildActionMask = 2147483647;
			files = (
			);
			runOnlyForDeploymentPostprocessing = 0;
		};
		B425EA1D2F3FB05E007AA86A /* Sources */ = {
			isa = PBXSourcesBuildPhase;
			buildActionMask = 2147483647;
			files = (
			);
			runOnlyForDeploymentPostprocessing = 0;
		};
		B425EA272F3FB05E007AA86A /* Sources */ = {
			isa = PBXSourcesBuildPhase;
			buildActionMask = 2147483647;
			files = (
			);
			runOnlyForDeploymentPostprocessing = 0;
		};
/* End PBXSourcesBuildPhase section */

/* Begin PBXTargetDependency section */
		B0329A8F2EFF739A00DA5BDB /* PBXTargetDependency */ = {
			isa = PBXTargetDependency;
			target = B0329A7F2EFF739800DA5BDB /* Quant */;
			targetProxy = B0329A8E2EFF739A00DA5BDB /* PBXContainerItemProxy */;
		};
		B0329A992EFF739A00DA5BDB /* PBXTargetDependency */ = {
			isa = PBXTargetDependency;
			target = B0329A7F2EFF739800DA5BDB /* Quant */;
			targetProxy = B0329A982EFF739A00DA5BDB /* PBXContainerItemProxy */;
		};
		B425EA232F3FB05E007AA86A /* PBXTargetDependency */ = {
			isa = PBXTargetDependency;
			target = B425EA112F3FB05D007AA86A /* QuantWatch Watch App */;
			targetProxy = B425EA222F3FB05E007AA86A /* PBXContainerItemProxy */;
		};
		B425EA2D2F3FB05E007AA86A /* PBXTargetDependency */ = {
			isa = PBXTargetDependency;
			target = B425EA112F3FB05D007AA86A /* QuantWatch Watch App */;
			targetProxy = B425EA2C2F3FB05E007AA86A /* PBXContainerItemProxy */;
		};
		B425EA342F3FB05E007AA86A /* PBXTargetDependency */ = {
			isa = PBXTargetDependency;
			target = B425EA112F3FB05D007AA86A /* QuantWatch Watch App */;
			targetProxy = B425EA332F3FB05E007AA86A /* PBXContainerItemProxy */;
		};
/* End PBXTargetDependency section */

/* Begin XCBuildConfiguration section */
		B0329A9F2EFF739A00DA5BDB /* Debug */ = {
			isa = XCBuildConfiguration;
			buildSettings = {
				ALWAYS_SEARCH_USER_PATHS = NO;
				ASSETCATALOG_COMPILER_GENERATE_SWIFT_ASSET_SYMBOL_EXTENSIONS = YES;
				CLANG_ANALYZER_NONNULL = YES;
				CLANG_ANALYZER_NUMBER_OBJECT_CONVERSION = YES_AGGRESSIVE;
				CLANG_CXX_LANGUAGE_STANDARD = "gnu++20";
				CLANG_ENABLE_MODULES = YES;
				CLANG_ENABLE_OBJC_ARC = YES;
				CLANG_ENABLE_OBJC_WEAK = YES;
				CLANG_WARN_BLOCK_CAPTURE_AUTORELEASING = YES;
				CLANG_WARN_BOOL_CONVERSION = YES;
				CLANG_WARN_COMMA = YES;
				CLANG_WARN_CONSTANT_CONVERSION = YES;
				CLANG_WARN_DEPRECATED_OBJC_IMPLEMENTATIONS = YES;
				CLANG_WARN_DIRECT_OBJC_ISA_USAGE = YES_ERROR;
				CLANG_WARN_DOCUMENTATION_COMMENTS = YES;
				CLANG_WARN_EMPTY_BODY = YES;
				CLANG_WARN_ENUM_CONVERSION = YES;
				CLANG_WARN_INFINITE_RECURSION = YES;
				CLANG_WARN_INT_CONVERSION = YES;
				CLANG_WARN_NON_LITERAL_NULL_CONVERSION = YES;
				CLANG_WARN_OBJC_IMPLICIT_RETAIN_SELF = YES;
				CLANG_WARN_OBJC_LITERAL_CONVERSION = YES;
				CLANG_WARN_OBJC_ROOT_CLASS = YES_ERROR;
				CLANG_WARN_QUOTED_INCLUDE_IN_FRAMEWORK_HEADER = YES;
				CLANG_WARN_RANGE_LOOP_ANALYSIS = YES;
				CLANG_WARN_STRICT_PROTOTYPES = YES;
				CLANG_WARN_SUSPICIOUS_MOVE = YES;
				CLANG_WARN_UNGUARDED_AVAILABILITY = YES_AGGRESSIVE;
				CLANG_WARN_UNREACHABLE_CODE = YES;
				CLANG_WARN__DUPLICATE_METHOD_MATCH = YES;
				COPY_PHASE_STRIP = NO;
				DEBUG_INFORMATION_FORMAT = dwarf;
				DEVELOPMENT_TEAM = FHC8TY7TG6;
				ENABLE_STRICT_OBJC_MSGSEND = YES;
				ENABLE_TESTABILITY = YES;
				ENABLE_USER_SCRIPT_SANDBOXING = YES;
				GCC_C_LANGUAGE_STANDARD = gnu17;
				GCC_DYNAMIC_NO_PIC = NO;
				GCC_NO_COMMON_BLOCKS = YES;
				GCC_OPTIMIZATION_LEVEL = 0;
				GCC_PREPROCESSOR_DEFINITIONS = (
					"DEBUG=1",
					"$(inherited)",
				);
				GCC_WARN_64_TO_32_BIT_CONVERSION = YES;
				GCC_WARN_ABOUT_RETURN_TYPE = YES_ERROR;
				GCC_WARN_UNDECLARED_SELECTOR = YES;
				GCC_WARN_UNINITIALIZED_AUTOS = YES_AGGRESSIVE;
				GCC_WARN_UNUSED_FUNCTION = YES;
				GCC_WARN_UNUSED_VARIABLE = YES;
				IPHONEOS_DEPLOYMENT_TARGET = 18.0;
				LOCALIZATION_PREFERS_STRING_CATALOGS = YES;
				MTL_ENABLE_DEBUG_INFO = INCLUDE_SOURCE;
				MTL_FAST_MATH = YES;
				ONLY_ACTIVE_ARCH = YES;
				SDKROOT = iphoneos;
				SWIFT_ACTIVE_COMPILATION_CONDITIONS = "DEBUG $(inherited)";
				SWIFT_OPTIMIZATION_LEVEL = "-Onone";
			};
			name = Debug;
		};
		B0329AA02EFF739A00DA5BDB /* Release */ = {
			isa = XCBuildConfiguration;
			buildSettings = {
				ALWAYS_SEARCH_USER_PATHS = NO;
				ASSETCATALOG_COMPILER_GENERATE_SWIFT_ASSET_SYMBOL_EXTENSIONS = YES;
				CLANG_ANALYZER_NONNULL = YES;
				CLANG_ANALYZER_NUMBER_OBJECT_CONVERSION = YES_AGGRESSIVE;
				CLANG_CXX_LANGUAGE_STANDARD = "gnu++20";
				CLANG_ENABLE_MODULES = YES;
				CLANG_ENABLE_OBJC_ARC = YES;
				CLANG_ENABLE_OBJC_WEAK = YES;
				CLANG_WARN_BLOCK_CAPTURE_AUTORELEASING = YES;
				CLANG_WARN_BOOL_CONVERSION = YES;
				CLANG_WARN_COMMA = YES;
				CLANG_WARN_CONSTANT_CONVERSION = YES;
				CLANG_WARN_DEPRECATED_OBJC_IMPLEMENTATIONS = YES;
				CLANG_WARN_DIRECT_OBJC_ISA_USAGE = YES_ERROR;
				CLANG_WARN_DOCUMENTATION_COMMENTS = YES;
				CLANG_WARN_EMPTY_BODY = YES;
				CLANG_WARN_ENUM_CONVERSION = YES;
				CLANG_WARN_INFINITE_RECURSION = YES;
				CLANG_WARN_INT_CONVERSION = YES;
				CLANG_WARN_NON_LITERAL_NULL_CONVERSION = YES;
				CLANG_WARN_OBJC_IMPLICIT_RETAIN_SELF = YES;
				CLANG_WARN_OBJC_LITERAL_CONVERSION = YES;
				CLANG_WARN_OBJC_ROOT_CLASS = YES_ERROR;
				CLANG_WARN_QUOTED_INCLUDE_IN_FRAMEWORK_HEADER = YES;
				CLANG_WARN_RANGE_LOOP_ANALYSIS = YES;
				CLANG_WARN_STRICT_PROTOTYPES = YES;
				CLANG_WARN_SUSPICIOUS_MOVE = YES;
				CLANG_WARN_UNGUARDED_AVAILABILITY = YES_AGGRESSIVE;
				CLANG_WARN_UNREACHABLE_CODE = YES;
				CLANG_WARN__DUPLICATE_METHOD_MATCH = YES;
				COPY_PHASE_STRIP = NO;
				DEBUG_INFORMATION_FORMAT = "dwarf-with-dsym";
				DEVELOPMENT_TEAM = FHC8TY7TG6;
				ENABLE_NS_ASSERTIONS = NO;
				ENABLE_STRICT_OBJC_MSGSEND = YES;
				ENABLE_USER_SCRIPT_SANDBOXING = YES;
				GCC_C_LANGUAGE_STANDARD = gnu17;
				GCC_NO_COMMON_BLOCKS = YES;
				GCC_WARN_64_TO_32_BIT_CONVERSION = YES;
				GCC_WARN_ABOUT_RETURN_TYPE = YES_ERROR;
				GCC_WARN_UNDECLARED_SELECTOR = YES;
				GCC_WARN_UNINITIALIZED_AUTOS = YES_AGGRESSIVE;
				GCC_WARN_UNUSED_FUNCTION = YES;
				GCC_WARN_UNUSED_VARIABLE = YES;
				IPHONEOS_DEPLOYMENT_TARGET = 18.0;
				LOCALIZATION_PREFERS_STRING_CATALOGS = YES;
				MTL_ENABLE_DEBUG_INFO = NO;
				MTL_FAST_MATH = YES;
				SDKROOT = iphoneos;
				SWIFT_COMPILATION_MODE = wholemodule;
				VALIDATE_PRODUCT = YES;
			};
			name = Release;
		};
		B0329AA22EFF739A00DA5BDB /* Debug */ = {
			isa = XCBuildConfiguration;
			buildSettings = {
				ASSETCATALOG_COMPILER_APPICON_NAME = AppIcon;
				ASSETCATALOG_COMPILER_GLOBAL_ACCENT_COLOR_NAME = AccentColor;
				CODE_SIGN_STYLE = Automatic;
				CURRENT_PROJECT_VERSION = 1;
				DEVELOPMENT_TEAM = FHC8TY7TG6;
				ENABLE_PREVIEWS = YES;
				GENERATE_INFOPLIST_FILE = YES;
				INFOPLIST_KEY_NSCameraUsageDescription = "Quant uses the camera to detect body posture.";
				INFOPLIST_KEY_UIApplicationSceneManifest_Generation = YES;
				INFOPLIST_KEY_UIApplicationSupportsIndirectInputEvents = YES;
				INFOPLIST_KEY_UILaunchScreen_Generation = YES;
				INFOPLIST_KEY_UISupportedInterfaceOrientations_iPad = "UIInterfaceOrientationPortrait UIInterfaceOrientationPortraitUpsideDown UIInterfaceOrientationLandscapeLeft UIInterfaceOrientationLandscapeRight";
				INFOPLIST_KEY_UISupportedInterfaceOrientations_iPhone = "UIInterfaceOrientationPortrait UIInterfaceOrientationLandscapeLeft UIInterfaceOrientationLandscapeRight";
				IPHONEOS_DEPLOYMENT_TARGET = 18.0;
				LD_RUNPATH_SEARCH_PATHS = (
					"$(inherited)",
					"@executable_path/Frameworks",
				);
				MARKETING_VERSION = 1.0;
				PRODUCT_BUNDLE_IDENTIFIER = net.davepope.Quant;
				PRODUCT_NAME = "$(TARGET_NAME)";
				STRING_CATALOG_GENERATE_SYMBOLS = YES;
				SWIFT_APPROACHABLE_CONCURRENCY = YES;
				SWIFT_DEFAULT_ACTOR_ISOLATION = MainActor;
				SWIFT_EMIT_LOC_STRINGS = YES;
				SWIFT_UPCOMING_FEATURE_MEMBER_IMPORT_VISIBILITY = YES;
				SWIFT_VERSION = 5.0;
				TARGETED_DEVICE_FAMILY = 1;
			};
			name = Debug;
		};
		B0329AA32EFF739A00DA5BDB /* Release */ = {
			isa = XCBuildConfiguration;
			buildSettings = {
				ASSETCATALOG_COMPILER_APPICON_NAME = AppIcon;
				ASSETCATALOG_COMPILER_GLOBAL_ACCENT_COLOR_NAME = AccentColor;
				CODE_SIGN_STYLE = Automatic;
				CURRENT_PROJECT_VERSION = 1;
				DEVELOPMENT_TEAM = FHC8TY7TG6;
				ENABLE_PREVIEWS = YES;
				GENERATE_INFOPLIST_FILE = YES;
				INFOPLIST_KEY_NSCameraUsageDescription = "Quant uses the camera to detect body posture.";
				INFOPLIST_KEY_UIApplicationSceneManifest_Generation = YES;
				INFOPLIST_KEY_UIApplicationSupportsIndirectInputEvents = YES;
				INFOPLIST_KEY_UILaunchScreen_Generation = YES;
				INFOPLIST_KEY_UISupportedInterfaceOrientations_iPad = "UIInterfaceOrientationPortrait UIInterfaceOrientationPortraitUpsideDown UIInterfaceOrientationLandscapeLeft UIInterfaceOrientationLandscapeRight";
				INFOPLIST_KEY_UISupportedInterfaceOrientations_iPhone = "UIInterfaceOrientationPortrait UIInterfaceOrientationLandscapeLeft UIInterfaceOrientationLandscapeRight";
				IPHONEOS_DEPLOYMENT_TARGET = 18.0;
				LD_RUNPATH_SEARCH_PATHS = (
					"$(inherited)",
					"@executable_path/Frameworks",
				);
				MARKETING_VERSION = 1.0;
				PRODUCT_BUNDLE_IDENTIFIER = net.davepope.Quant;
				PRODUCT_NAME = "$(TARGET_NAME)";
				STRING_CATALOG_GENERATE_SYMBOLS = YES;
				SWIFT_APPROACHABLE_CONCURRENCY = YES;
				SWIFT_DEFAULT_ACTOR_ISOLATION = MainActor;
				SWIFT_EMIT_LOC_STRINGS = YES;
				SWIFT_UPCOMING_FEATURE_MEMBER_IMPORT_VISIBILITY = YES;
				SWIFT_VERSION = 5.0;
				TARGETED_DEVICE_FAMILY = 1;
			};
			name = Release;
		};
		B0329AA52EFF739A00DA5BDB /* Debug */ = {
			isa = XCBuildConfiguration;
			buildSettings = {
				BUNDLE_LOADER = "$(TEST_HOST)";
				CODE_SIGN_STYLE = Automatic;
				CURRENT_PROJECT_VERSION = 1;
				DEVELOPMENT_TEAM = FHC8TY7TG6;
				GENERATE_INFOPLIST_FILE = YES;
				IPHONEOS_DEPLOYMENT_TARGET = 18.0;
				MARKETING_VERSION = 1.0;
				PRODUCT_BUNDLE_IDENTIFIER = net.davepope.QuantTests;
				PRODUCT_NAME = "$(TARGET_NAME)";
				STRING_CATALOG_GENERATE_SYMBOLS = NO;
				SWIFT_APPROACHABLE_CONCURRENCY = YES;
				SWIFT_EMIT_LOC_STRINGS = NO;
				SWIFT_UPCOMING_FEATURE_MEMBER_IMPORT_VISIBILITY = YES;
				SWIFT_VERSION = 5.0;
				TARGETED_DEVICE_FAMILY = 1;
				TEST_HOST = "$(BUILT_PRODUCTS_DIR)/Quant.app/$(BUNDLE_EXECUTABLE_FOLDER_PATH)/Quant";
			};
			name = Debug;
		};
		B0329AA62EFF739A00DA5BDB /* Release */ = {
			isa = XCBuildConfiguration;
			buildSettings = {
				BUNDLE_LOADER = "$(TEST_HOST)";
				CODE_SIGN_STYLE = Automatic;
				CURRENT_PROJECT_VERSION = 1;
				DEVELOPMENT_TEAM = FHC8TY7TG6;
				GENERATE_INFOPLIST_FILE = YES;
				IPHONEOS_DEPLOYMENT_TARGET = 18.0;
				MARKETING_VERSION = 1.0;
				PRODUCT_BUNDLE_IDENTIFIER = net.davepope.QuantTests;
				PRODUCT_NAME = "$(TARGET_NAME)";
				STRING_CATALOG_GENERATE_SYMBOLS = NO;
				SWIFT_APPROACHABLE_CONCURRENCY = YES;
				SWIFT_EMIT_LOC_STRINGS = NO;
				SWIFT_UPCOMING_FEATURE_MEMBER_IMPORT_VISIBILITY = YES;
				SWIFT_VERSION = 5.0;
				TARGETED_DEVICE_FAMILY = 1;
				TEST_HOST = "$(BUILT_PRODUCTS_DIR)/Quant.app/$(BUNDLE_EXECUTABLE_FOLDER_PATH)/Quant";
			};
			name = Release;
		};
		B0329AA82EFF739A00DA5BDB /* Debug */ = {
			isa = XCBuildConfiguration;
			buildSettings = {
				CODE_SIGN_STYLE = Automatic;
				CURRENT_PROJECT_VERSION = 1;
				DEVELOPMENT_TEAM = FHC8TY7TG6;
				GENERATE_INFOPLIST_FILE = YES;
				MARKETING_VERSION = 1.0;
				PRODUCT_BUNDLE_IDENTIFIER = net.davepope.QuantUITests;
				PRODUCT_NAME = "$(TARGET_NAME)";
				STRING_CATALOG_GENERATE_SYMBOLS = NO;
				SWIFT_APPROACHABLE_CONCURRENCY = YES;
				SWIFT_EMIT_LOC_STRINGS = NO;
				SWIFT_UPCOMING_FEATURE_MEMBER_IMPORT_VISIBILITY = YES;
				SWIFT_VERSION = 5.0;
				TARGETED_DEVICE_FAMILY = 1;
				TEST_TARGET_NAME = Quant;
			};
			name = Debug;
		};
		B0329AA92EFF739A00DA5BDB /* Release */ = {
			isa = XCBuildConfiguration;
			buildSettings = {
				CODE_SIGN_STYLE = Automatic;
				CURRENT_PROJECT_VERSION = 1;
				DEVELOPMENT_TEAM = FHC8TY7TG6;
				GENERATE_INFOPLIST_FILE = YES;
				MARKETING_VERSION = 1.0;
				PRODUCT_BUNDLE_IDENTIFIER = net.davepope.QuantUITests;
				PRODUCT_NAME = "$(TARGET_NAME)";
				STRING_CATALOG_GENERATE_SYMBOLS = NO;
				SWIFT_APPROACHABLE_CONCURRENCY = YES;
				SWIFT_EMIT_LOC_STRINGS = NO;
				SWIFT_UPCOMING_FEATURE_MEMBER_IMPORT_VISIBILITY = YES;
				SWIFT_VERSION = 5.0;
				TARGETED_DEVICE_FAMILY = 1;
				TEST_TARGET_NAME = Quant;
			};
			name = Release;
		};
		B425EA372F3FB05E007AA86A /* Debug */ = {
			isa = XCBuildConfiguration;
			buildSettings = {
				ASSETCATALOG_COMPILER_APPICON_NAME = AppIcon;
				ASSETCATALOG_COMPILER_GLOBAL_ACCENT_COLOR_NAME = AccentColor;
				CODE_SIGN_STYLE = Automatic;
				CURRENT_PROJECT_VERSION = 1;
				DEVELOPMENT_ASSET_PATHS = "\"QuantWatch Watch App/Preview Content\"";
				DEVELOPMENT_TEAM = FHC8TY7TG6;
				ENABLE_PREVIEWS = YES;
				GENERATE_INFOPLIST_FILE = YES;
				INFOPLIST_KEY_CFBundleDisplayName = QuantWatch;
				INFOPLIST_KEY_UISupportedInterfaceOrientations = "UIInterfaceOrientationPortrait UIInterfaceOrientationPortraitUpsideDown";
				INFOPLIST_KEY_WKCompanionAppBundleIdentifier = net.davepope.Quant;
				LD_RUNPATH_SEARCH_PATHS = (
					"$(inherited)",
					"@executable_path/Frameworks",
				);
				MARKETING_VERSION = 1.0;
				PRODUCT_BUNDLE_IDENTIFIER = net.davepope.Quant.watchkitapp;
				PRODUCT_NAME = "$(TARGET_NAME)";
				SDKROOT = watchos;
				SKIP_INSTALL = YES;
				SWIFT_EMIT_LOC_STRINGS = YES;
				SWIFT_VERSION = 5.0;
				TARGETED_DEVICE_FAMILY = 4;
				WATCHOS_DEPLOYMENT_TARGET = 11.2;
			};
			name = Debug;
		};
		B425EA382F3FB05E007AA86A /* Release */ = {
			isa = XCBuildConfiguration;
			buildSettings = {
				ASSETCATALOG_COMPILER_APPICON_NAME = AppIcon;
				ASSETCATALOG_COMPILER_GLOBAL_ACCENT_COLOR_NAME = AccentColor;
				CODE_SIGN_STYLE = Automatic;
				CURRENT_PROJECT_VERSION = 1;
				DEVELOPMENT_ASSET_PATHS = "\"QuantWatch Watch App/Preview Content\"";
				DEVELOPMENT_TEAM = FHC8TY7TG6;
				ENABLE_PREVIEWS = YES;
				GENERATE_INFOPLIST_FILE = YES;
				INFOPLIST_KEY_CFBundleDisplayName = QuantWatch;
				INFOPLIST_KEY_UISupportedInterfaceOrientations = "UIInterfaceOrientationPortrait UIInterfaceOrientationPortraitUpsideDown";
				INFOPLIST_KEY_WKCompanionAppBundleIdentifier = net.davepope.Quant;
				LD_RUNPATH_SEARCH_PATHS = (
					"$(inherited)",
					"@executable_path/Frameworks",
				);
				MARKETING_VERSION = 1.0;
				PRODUCT_BUNDLE_IDENTIFIER = net.davepope.Quant.watchkitapp;
				PRODUCT_NAME = "$(TARGET_NAME)";
				SDKROOT = watchos;
				SKIP_INSTALL = YES;
				SWIFT_EMIT_LOC_STRINGS = YES;
				SWIFT_VERSION = 5.0;
				TARGETED_DEVICE_FAMILY = 4;
				WATCHOS_DEPLOYMENT_TARGET = 11.2;
			};
			name = Release;
		};
		B425EA3B2F3FB05E007AA86A /* Debug */ = {
			isa = XCBuildConfiguration;
			buildSettings = {
				BUNDLE_LOADER = "$(TEST_HOST)";
				CODE_SIGN_STYLE = Automatic;
				CURRENT_PROJECT_VERSION = 1;
				DEVELOPMENT_TEAM = FHC8TY7TG6;
				GENERATE_INFOPLIST_FILE = YES;
				MARKETING_VERSION = 1.0;
				PRODUCT_BUNDLE_IDENTIFIER = "com.creatormaker.QuantWatch-Watch-AppTests";
				PRODUCT_NAME = "$(TARGET_NAME)";
				SDKROOT = watchos;
				SWIFT_EMIT_LOC_STRINGS = NO;
				SWIFT_VERSION = 5.0;
				TARGETED_DEVICE_FAMILY = 4;
				TEST_HOST = "$(BUILT_PRODUCTS_DIR)/QuantWatch Watch App.app/$(BUNDLE_EXECUTABLE_FOLDER_PATH)/QuantWatch Watch App";
				WATCHOS_DEPLOYMENT_TARGET = 11.2;
			};
			name = Debug;
		};
		B425EA3C2F3FB05E007AA86A /* Release */ = {
			isa = XCBuildConfiguration;
			buildSettings = {
				BUNDLE_LOADER = "$(TEST_HOST)";
				CODE_SIGN_STYLE = Automatic;
				CURRENT_PROJECT_VERSION = 1;
				DEVELOPMENT_TEAM = FHC8TY7TG6;
				GENERATE_INFOPLIST_FILE = YES;
				MARKETING_VERSION = 1.0;
				PRODUCT_BUNDLE_IDENTIFIER = "com.creatormaker.QuantWatch-Watch-AppTests";
				PRODUCT_NAME = "$(TARGET_NAME)";
				SDKROOT = watchos;
				SWIFT_EMIT_LOC_STRINGS = NO;
				SWIFT_VERSION = 5.0;
				TARGETED_DEVICE_FAMILY = 4;
				TEST_HOST = "$(BUILT_PRODUCTS_DIR)/QuantWatch Watch App.app/$(BUNDLE_EXECUTABLE_FOLDER_PATH)/QuantWatch Watch App";
				WATCHOS_DEPLOYMENT_TARGET = 11.2;
			};
			name = Release;
		};
		B425EA3E2F3FB05E007AA86A /* Debug */ = {
			isa = XCBuildConfiguration;
			buildSettings = {
				CODE_SIGN_STYLE = Automatic;
				CURRENT_PROJECT_VERSION = 1;
				DEVELOPMENT_TEAM = FHC8TY7TG6;
				GENERATE_INFOPLIST_FILE = YES;
				MARKETING_VERSION = 1.0;
				PRODUCT_BUNDLE_IDENTIFIER = "com.creatormaker.QuantWatch-Watch-AppUITests";
				PRODUCT_NAME = "$(TARGET_NAME)";
				SDKROOT = watchos;
				SWIFT_EMIT_LOC_STRINGS = NO;
				SWIFT_VERSION = 5.0;
				TARGETED_DEVICE_FAMILY = 4;
				TEST_TARGET_NAME = "QuantWatch Watch App";
				WATCHOS_DEPLOYMENT_TARGET = 11.2;
			};
			name = Debug;
		};
		B425EA3F2F3FB05E007AA86A /* Release */ = {
			isa = XCBuildConfiguration;
			buildSettings = {
				CODE_SIGN_STYLE = Automatic;
				CURRENT_PROJECT_VERSION = 1;
				DEVELOPMENT_TEAM = FHC8TY7TG6;
				GENERATE_INFOPLIST_FILE = YES;
				MARKETING_VERSION = 1.0;
				PRODUCT_BUNDLE_IDENTIFIER = "com.creatormaker.QuantWatch-Watch-AppUITests";
				PRODUCT_NAME = "$(TARGET_NAME)";
				SDKROOT = watchos;
				SWIFT_EMIT_LOC_STRINGS = NO;
				SWIFT_VERSION = 5.0;
				TARGETED_DEVICE_FAMILY = 4;
				TEST_TARGET_NAME = "QuantWatch Watch App";
				WATCHOS_DEPLOYMENT_TARGET = 11.2;
			};
			name = Release;
		};
/* End XCBuildConfiguration section */

/* Begin XCConfigurationList section */
		B0329A7B2EFF739800DA5BDB /* Build configuration list for PBXProject "Quant" */ = {
			isa = XCConfigurationList;
			buildConfigurations = (
				B0329A9F2EFF739A00DA5BDB /* Debug */,
				B0329AA02EFF739A00DA5BDB /* Release */,
			);
			defaultConfigurationIsVisible = 0;
			defaultConfigurationName = Release;
		};
		B0329AA12EFF739A00DA5BDB /* Build configuration list for PBXNativeTarget "Quant" */ = {
			isa = XCConfigurationList;
			buildConfigurations = (
				B0329AA22EFF739A00DA5BDB /* Debug */,
				B0329AA32EFF739A00DA5BDB /* Release */,
			);
			defaultConfigurationIsVisible = 0;
			defaultConfigurationName = Release;
		};
		B0329AA42EFF739A00DA5BDB /* Build configuration list for PBXNativeTarget "QuantTests" */ = {
			isa = XCConfigurationList;
			buildConfigurations = (
				B0329AA52EFF739A00DA5BDB /* Debug */,
				B0329AA62EFF739A00DA5BDB /* Release */,
			);
			defaultConfigurationIsVisible = 0;
			defaultConfigurationName = Release;
		};
		B0329AA72EFF739A00DA5BDB /* Build configuration list for PBXNativeTarget "QuantUITests" */ = {
			isa = XCConfigurationList;
			buildConfigurations = (
				B0329AA82EFF739A00DA5BDB /* Debug */,
				B0329AA92EFF739A00DA5BDB /* Release */,
			);
			defaultConfigurationIsVisible = 0;
			defaultConfigurationName = Release;
		};
		B425EA362F3FB05E007AA86A /* Build configuration list for PBXNativeTarget "QuantWatch Watch App" */ = {
			isa = XCConfigurationList;
			buildConfigurations = (
				B425EA372F3FB05E007AA86A /* Debug */,
				B425EA382F3FB05E007AA86A /* Release */,
			);
			defaultConfigurationIsVisible = 0;
			defaultConfigurationName = Release;
		};
		B425EA3A2F3FB05E007AA86A /* Build configuration list for PBXNativeTarget "QuantWatch Watch AppTests" */ = {
			isa = XCConfigurationList;
			buildConfigurations = (
				B425EA3B2F3FB05E007AA86A /* Debug */,
				B425EA3C2F3FB05E007AA86A /* Release */,
			);
			defaultConfigurationIsVisible = 0;
			defaultConfigurationName = Release;
		};
		B425EA3D2F3FB05E007AA86A /* Build configuration list for PBXNativeTarget "QuantWatch Watch AppUITests" */ = {
			isa = XCConfigurationList;
			buildConfigurations = (
				B425EA3E2F3FB05E007AA86A /* Debug */,
				B425EA3F2F3FB05E007AA86A /* Release */,
			);
			defaultConfigurationIsVisible = 0;
			defaultConfigurationName = Release;
		};
/* End XCConfigurationList section */

/* Begin XCLocalSwiftPackageReference section */
		B0329AAF2F01471F00DA5BDB /* XCLocalSwiftPackageReference "PostureLogic" */ = {
			isa = XCLocalSwiftPackageReference;
			relativePath = PostureLogic;
		};
/* End XCLocalSwiftPackageReference section */

/* Begin XCSwiftPackageProductDependency section */
		B0329AB02F01471F00DA5BDB /* PostureLogic */ = {
			isa = XCSwiftPackageProductDependency;
			productName = PostureLogic;
		};
		B0329AB32F01477700DA5BDB /* PostureLogic */ = {
			isa = XCSwiftPackageProductDependency;
			package = B0329AAF2F01471F00DA5BDB /* XCLocalSwiftPackageReference "PostureLogic" */;
			productName = PostureLogic;
		};
/* End XCSwiftPackageProductDependency section */
	};
	rootObject = B0329A782EFF739800DA5BDB /* Project object */;
}
